
Microsoft Visual Studio Solution File, Format Version 12.00
# Visual Studio 14
VisualStudioVersion = 14.0.25123.0
MinimumVisualStudioVersion = 10.0.40219.1
Project("{FAE04EC0-301F-11D3-BF4B-00C04F79EFBC}") = "XMLReferrerExtractor", "XMLReferrerExtractor\XMLReferrerExtractor.csproj", "{55BB94ED-502F-43F1-A546-30D9DBEDB4D0}"
EndProject
Global
	GlobalSection(SolutionConfigurationPlatforms) = preSolution
		Debug|Any CPU = Debug|Any CPU
		Release|Any CPU = Release|Any CPU
	EndGlobalSection
	GlobalSection(ProjectConfigurationPlatforms) = postSolution
		{55BB94ED-502F-43F1-A546-30D9DBEDB4D0}.Debug|Any CPU.ActiveCfg = Debug|Any CPU
		{55BB94ED-502F-43F1-A546-30D9DBEDB4D0}.Debug|Any CPU.Build.0 = Debug|Any CPU
		{55BB94ED-502F-43F1-A546-30D9DBEDB4D0}.Release|Any CPU.ActiveCfg = Release|Any CPU
		{55BB94ED-502F-43F1-A546-30D9DBEDB4D0}.Release|Any CPU.Build.0 = Release|Any CPU
	EndGlobalSection
	GlobalSection(SolutionProperties) = preSolution
		HideSolutionNode = FALSE
	EndGlobalSection
EndGlobal
